
Microsoft Visual Studio Solution File, Format Version 12.00
# Visual Studio Version 17
VisualStudioVersion = 17.11.35312.102
MinimumVisualStudioVersion = 10.0.40219.1
Project("{9A19103F-16F7-4668-BE54-9A1E7A4F7556}") = "PrimeritaConsola", "PrimeritaConsola.csproj", "{70E5BE97-21B5-4BB1-ADCB-CC7769A24EA6}"
EndProject
Project("{FAE04EC0-301F-11D3-BF4B-00C04F79EFBC}") = "WpfFirstAPP", "..\WpfFirstAPP\WpfFirstAPP.csproj", "{6CED2052-7768-44B6-B684-5F2116BBA4B8}"
EndProject
Global
	GlobalSection(SolutionConfigurationPlatforms) = preSolution
		Debug|Any CPU = Debug|Any CPU
		Debug|ARM64 = Debug|ARM64
		Debug|x64 = Debug|x64
		Debug|x86 = Debug|x86
		Release|Any CPU = Release|Any CPU
		Release|ARM64 = Release|ARM64
		Release|x64 = Release|x64
		Release|x86 = Release|x86
	EndGlobalSection
	GlobalSection(ProjectConfigurationPlatforms) = postSolution
		{70E5BE97-21B5-4BB1-ADCB-CC7769A24EA6}.Debug|Any CPU.ActiveCfg = Debug|Any CPU
		{70E5BE97-21B5-4BB1-ADCB-CC7769A24EA6}.Debug|Any CPU.Build.0 = Debug|Any CPU
		{70E5BE97-21B5-4BB1-ADCB-CC7769A24EA6}.Debug|ARM64.ActiveCfg = Debug|Any CPU
		{70E5BE97-21B5-4BB1-ADCB-CC7769A24EA6}.Debug|ARM64.Build.0 = Debug|Any CPU
		{70E5BE97-21B5-4BB1-ADCB-CC7769A24EA6}.Debug|x64.ActiveCfg = Debug|Any CPU
		{70E5BE97-21B5-4BB1-ADCB-CC7769A24EA6}.Debug|x64.Build.0 = Debug|Any CPU
		{70E5BE97-21B5-4BB1-ADCB-CC7769A24EA6}.Debug|x86.ActiveCfg = Debug|Any CPU
		{70E5BE97-21B5-4BB1-ADCB-CC7769A24EA6}.Debug|x86.Build.0 = Debug|Any CPU
		{70E5BE97-21B5-4BB1-ADCB-CC7769A24EA6}.Release|Any CPU.ActiveCfg = Release|Any CPU
		{70E5BE97-21B5-4BB1-ADCB-CC7769A24EA6}.Release|Any CPU.Build.0 = Release|Any CPU
		{70E5BE97-21B5-4BB1-ADCB-CC7769A24EA6}.Release|ARM64.ActiveCfg = Release|Any CPU
		{70E5BE97-21B5-4BB1-ADCB-CC7769A24EA6}.Release|ARM64.Build.0 = Release|Any CPU
		{70E5BE97-21B5-4BB1-ADCB-CC7769A24EA6}.Release|x64.ActiveCfg = Release|Any CPU
		{70E5BE97-21B5-4BB1-ADCB-CC7769A24EA6}.Release|x64.Build.0 = Release|Any CPU
		{70E5BE97-21B5-4BB1-ADCB-CC7769A24EA6}.Release|x86.ActiveCfg = Release|Any CPU
		{70E5BE97-21B5-4BB1-ADCB-CC7769A24EA6}.Release|x86.Build.0 = Release|Any CPU
		{6CED2052-7768-44B6-B684-5F2116BBA4B8}.Debug|Any CPU.ActiveCfg = Debug|Any CPU
		{6CED2052-7768-44B6-B684-5F2116BBA4B8}.Debug|Any CPU.Build.0 = Debug|Any CPU
		{6CED2052-7768-44B6-B684-5F2116BBA4B8}.Debug|ARM64.ActiveCfg = Debug|Any CPU
		{6CED2052-7768-44B6-B684-5F2116BBA4B8}.Debug|ARM64.Build.0 = Debug|Any CPU
		{6CED2052-7768-44B6-B684-5F2116BBA4B8}.Debug|x64.ActiveCfg = Debug|Any CPU
		{6CED2052-7768-44B6-B684-5F2116BBA4B8}.Debug|x64.Build.0 = Debug|Any CPU
		{6CED2052-7768-44B6-B684-5F2116BBA4B8}.Debug|x86.ActiveCfg = Debug|Any CPU
		{6CED2052-7768-44B6-B684-5F2116BBA4B8}.Debug|x86.Build.0 = Debug|Any CPU
		{6CED2052-7768-44B6-B684-5F2116BBA4B8}.Release|Any CPU.ActiveCfg = Release|Any CPU
		{6CED2052-7768-44B6-B684-5F2116BBA4B8}.Release|Any CPU.Build.0 = Release|Any CPU
		{6CED2052-7768-44B6-B684-5F2116BBA4B8}.Release|ARM64.ActiveCfg = Release|Any CPU
		{6CED2052-7768-44B6-B684-5F2116BBA4B8}.Release|ARM64.Build.0 = Release|Any CPU
		{6CED2052-7768-44B6-B684-5F2116BBA4B8}.Release|x64.ActiveCfg = Release|Any CPU
		{6CED2052-7768-44B6-B684-5F2116BBA4B8}.Release|x64.Build.0 = Release|Any CPU
		{6CED2052-7768-44B6-B684-5F2116BBA4B8}.Release|x86.ActiveCfg = Release|Any CPU
		{6CED2052-7768-44B6-B684-5F2116BBA4B8}.Release|x86.Build.0 = Release|Any CPU
	EndGlobalSection
	GlobalSection(SolutionProperties) = preSolution
		HideSolutionNode = FALSE
	EndGlobalSection
	GlobalSection(ExtensibilityGlobals) = postSolution
		SolutionGuid = {DBCD3CB3-DD44-4452-ADBB-176B1E07F20C}
	EndGlobalSection
EndGlobal
