
Microsoft Visual Studio Solution File, Format Version 12.00
# Visual Studio Version 17
VisualStudioVersion = 17.11.35312.102
MinimumVisualStudioVersion = 10.0.40219.1
Project("{FAE04EC0-301F-11D3-BF4B-00C04F79EFBC}") = "PrimeritaConsola", "PrimeritaConsola.csproj", "{70E5BE97-21B5-4BB1-ADCB-CC7769A24EA6}"
EndProject
Global
	GlobalSection(SolutionConfigurationPlatforms) = preSolution
		Debug|Any CPU = Debug|Any CPU
		Release|Any CPU = Release|Any CPU
	EndGlobalSection
	GlobalSection(ProjectConfigurationPlatforms) = postSolution
		{70E5BE97-21B5-4BB1-ADCB-CC7769A24EA6}.Debug|Any CPU.ActiveCfg = Debug|Any CPU
		{70E5BE97-21B5-4BB1-ADCB-CC7769A24EA6}.Debug|Any CPU.Build.0 = Debug|Any CPU
		{70E5BE97-21B5-4BB1-ADCB-CC7769A24EA6}.Release|Any CPU.ActiveCfg = Release|Any CPU
		{70E5BE97-21B5-4BB1-ADCB-CC7769A24EA6}.Release|Any CPU.Build.0 = Release|Any CPU
	EndGlobalSection
	GlobalSection(SolutionProperties) = preSolution
		HideSolutionNode = FALSE
	EndGlobalSection
	GlobalSection(ExtensibilityGlobals) = postSolution
		SolutionGuid = {DBCD3CB3-DD44-4452-ADBB-176B1E07F20C}
	EndGlobalSection
EndGlobal
